
Microsoft Visual Studio Solution File, Format Version 12.00
# Visual Studio Version 17
VisualStudioVersion = 17.9.34728.123
MinimumVisualStudioVersion = 10.0.40219.1
Project("{9A19103F-16F7-4668-BE54-9A1E7A4F7556}") = "AI.Client", "AI.Client.csproj", "{6E10F6B7-2121-423E-808A-67D73CD5324E}"
EndProject
Project("{9A19103F-16F7-4668-BE54-9A1E7A4F7556}") = "Gateway.ClientAI", "..\Gateway.ClientAI\Gateway.ClientAI.csproj", "{23814A86-658D-4CFD-A82A-A03904909666}"
EndProject
Global
	GlobalSection(SolutionConfigurationPlatforms) = preSolution
		Debug|Any CPU = Debug|Any CPU
		Release|Any CPU = Release|Any CPU
	EndGlobalSection
	GlobalSection(ProjectConfigurationPlatforms) = postSolution
		{6E10F6B7-2121-423E-808A-67D73CD5324E}.Debug|Any CPU.ActiveCfg = Debug|Any CPU
		{6E10F6B7-2121-423E-808A-67D73CD5324E}.Debug|Any CPU.Build.0 = Debug|Any CPU
		{6E10F6B7-2121-423E-808A-67D73CD5324E}.Release|Any CPU.ActiveCfg = Release|Any CPU
		{6E10F6B7-2121-423E-808A-67D73CD5324E}.Release|Any CPU.Build.0 = Release|Any CPU
		{23814A86-658D-4CFD-A82A-A03904909666}.Debug|Any CPU.ActiveCfg = Debug|Any CPU
		{23814A86-658D-4CFD-A82A-A03904909666}.Debug|Any CPU.Build.0 = Debug|Any CPU
		{23814A86-658D-4CFD-A82A-A03904909666}.Release|Any CPU.ActiveCfg = Release|Any CPU
		{23814A86-658D-4CFD-A82A-A03904909666}.Release|Any CPU.Build.0 = Release|Any CPU
	EndGlobalSection
	GlobalSection(SolutionProperties) = preSolution
		HideSolutionNode = FALSE
	EndGlobalSection
	GlobalSection(ExtensibilityGlobals) = postSolution
		SolutionGuid = {5356CD05-2303-4E4D-A89A-12B287F639A2}
	EndGlobalSection
EndGlobal
